
Microsoft Visual Studio Solution File, Format Version 12.00
# Visual Studio Version 17
VisualStudioVersion = 17.9.34714.143
MinimumVisualStudioVersion = 10.0.40219.1
Project("{FAE04EC0-301F-11D3-BF4B-00C04F79EFBC}") = "AppSolutionData", "AppSolutionData\AppSolutionData.csproj", "{54FAC16F-88E7-4C38-81CF-166FEF58CB07}"
EndProject
Project("{FAE04EC0-301F-11D3-BF4B-00C04F79EFBC}") = "AppSolutionAPI", "AppSolutionAPI\AppSolutionAPI.csproj", "{8B490FF4-FE44-43EF-8ACB-CFD766DA7FA6}"
EndProject
Global
	GlobalSection(SolutionConfigurationPlatforms) = preSolution
		Debug|Any CPU = Debug|Any CPU
		Release|Any CPU = Release|Any CPU
	EndGlobalSection
	GlobalSection(ProjectConfigurationPlatforms) = postSolution
		{54FAC16F-88E7-4C38-81CF-166FEF58CB07}.Debug|Any CPU.ActiveCfg = Debug|Any CPU
		{54FAC16F-88E7-4C38-81CF-166FEF58CB07}.Debug|Any CPU.Build.0 = Debug|Any CPU
		{54FAC16F-88E7-4C38-81CF-166FEF58CB07}.Release|Any CPU.ActiveCfg = Release|Any CPU
		{54FAC16F-88E7-4C38-81CF-166FEF58CB07}.Release|Any CPU.Build.0 = Release|Any CPU
		{8B490FF4-FE44-43EF-8ACB-CFD766DA7FA6}.Debug|Any CPU.ActiveCfg = Debug|Any CPU
		{8B490FF4-FE44-43EF-8ACB-CFD766DA7FA6}.Debug|Any CPU.Build.0 = Debug|Any CPU
		{8B490FF4-FE44-43EF-8ACB-CFD766DA7FA6}.Release|Any CPU.ActiveCfg = Release|Any CPU
		{8B490FF4-FE44-43EF-8ACB-CFD766DA7FA6}.Release|Any CPU.Build.0 = Release|Any CPU
	EndGlobalSection
	GlobalSection(SolutionProperties) = preSolution
		HideSolutionNode = FALSE
	EndGlobalSection
	GlobalSection(ExtensibilityGlobals) = postSolution
		SolutionGuid = {CD63D5A1-48A0-44EC-B5E4-535DBAB0EC34}
	EndGlobalSection
EndGlobal
